
Microsoft Visual Studio Solution File, Format Version 12.00
# Visual Studio Version 17
VisualStudioVersion = 17.11.35327.3
MinimumVisualStudioVersion = 10.0.40219.1
Project("{FAE04EC0-301F-11D3-BF4B-00C04F79EFBC}") = "GameHub", "GameHub\GameHub.csproj", "{2C6D82BB-6863-4C9D-9BDC-E8D96A9EC35A}"
EndProject
Project("{FAE04EC0-301F-11D3-BF4B-00C04F79EFBC}") = "GameClient", "GameClient\GameClient.csproj", "{B293891F-B6EF-4954-AFC5-1ACDC464C1C3}"
EndProject
Project("{FAE04EC0-301F-11D3-BF4B-00C04F79EFBC}") = "GameClient.PlayerTwo", "GameClient.PlayerTwo\GameClient.PlayerTwo.csproj", "{0E4AFCB8-2D29-441A-89B1-EFA66C8B5941}"
EndProject
Global
	GlobalSection(SolutionConfigurationPlatforms) = preSolution
		Debug|Any CPU = Debug|Any CPU
		Release|Any CPU = Release|Any CPU
	EndGlobalSection
	GlobalSection(ProjectConfigurationPlatforms) = postSolution
		{2C6D82BB-6863-4C9D-9BDC-E8D96A9EC35A}.Debug|Any CPU.ActiveCfg = Debug|Any CPU
		{2C6D82BB-6863-4C9D-9BDC-E8D96A9EC35A}.Debug|Any CPU.Build.0 = Debug|Any CPU
		{2C6D82BB-6863-4C9D-9BDC-E8D96A9EC35A}.Release|Any CPU.ActiveCfg = Release|Any CPU
		{2C6D82BB-6863-4C9D-9BDC-E8D96A9EC35A}.Release|Any CPU.Build.0 = Release|Any CPU
		{B293891F-B6EF-4954-AFC5-1ACDC464C1C3}.Debug|Any CPU.ActiveCfg = Debug|Any CPU
		{B293891F-B6EF-4954-AFC5-1ACDC464C1C3}.Debug|Any CPU.Build.0 = Debug|Any CPU
		{B293891F-B6EF-4954-AFC5-1ACDC464C1C3}.Release|Any CPU.ActiveCfg = Release|Any CPU
		{B293891F-B6EF-4954-AFC5-1ACDC464C1C3}.Release|Any CPU.Build.0 = Release|Any CPU
		{0E4AFCB8-2D29-441A-89B1-EFA66C8B5941}.Debug|Any CPU.ActiveCfg = Debug|Any CPU
		{0E4AFCB8-2D29-441A-89B1-EFA66C8B5941}.Debug|Any CPU.Build.0 = Debug|Any CPU
		{0E4AFCB8-2D29-441A-89B1-EFA66C8B5941}.Release|Any CPU.ActiveCfg = Release|Any CPU
		{0E4AFCB8-2D29-441A-89B1-EFA66C8B5941}.Release|Any CPU.Build.0 = Release|Any CPU
	EndGlobalSection
	GlobalSection(SolutionProperties) = preSolution
		HideSolutionNode = FALSE
	EndGlobalSection
	GlobalSection(ExtensibilityGlobals) = postSolution
		SolutionGuid = {0D489A0D-7C30-4B4D-A7C3-CB94F9943B88}
	EndGlobalSection
EndGlobal
